
Microsoft Visual Studio Solution File, Format Version 12.00
# Visual Studio Version 17
VisualStudioVersion = 17.8.34511.84
MinimumVisualStudioVersion = 10.0.40219.1
Project("{9A19103F-16F7-4668-BE54-9A1E7A4F7556}") = "FastGrowingTrees", "FastGrowingTrees\FastGrowingTrees.csproj", "{79F8167D-0792-4FCB-A34E-23E5DC994AC9}"
EndProject
Project("{9A19103F-16F7-4668-BE54-9A1E7A4F7556}") = "CreativeMode", "CreativeMode\CreativeMode.csproj", "{CCAB37BD-E573-4629-9720-4CCD9FE09FFC}"
EndProject
Project("{FAE04EC0-301F-11D3-BF4B-00C04F79EFBC}") = "EternalFire", "EternalFire\EternalFire.csproj", "{4516C4CA-14D7-4075-B43D-7868706F162D}"
EndProject
Project("{9A19103F-16F7-4668-BE54-9A1E7A4F7556}") = "SuperPlanter", "SuperPlanter\SuperPlanter.csproj", "{9CE16C06-41C3-4741-A2E4-A7DDB8C76297}"
EndProject
Project("{9A19103F-16F7-4668-BE54-9A1E7A4F7556}") = "SensibleLeeches", "SensibleLeeches\SensibleLeeches.csproj", "{7444F3D8-99BF-4483-AFB2-2A9C740A76B9}"
EndProject
Project("{9A19103F-16F7-4668-BE54-9A1E7A4F7556}") = "MakeItRain", "MakeItRain\MakeItRain.csproj", "{E0690F9D-1D4A-4B5F-8305-35EE16750837}"
EndProject
Project("{FAE04EC0-301F-11D3-BF4B-00C04F79EFBC}") = "MoreEXP", "MoreEXP\MoreEXP.csproj", "{18499363-C1D0-4E64-B479-15125677EB51}"
EndProject
Global
	GlobalSection(SolutionConfigurationPlatforms) = preSolution
		Debug|Any CPU = Debug|Any CPU
		Release|Any CPU = Release|Any CPU
	EndGlobalSection
	GlobalSection(ProjectConfigurationPlatforms) = postSolution
		{79F8167D-0792-4FCB-A34E-23E5DC994AC9}.Debug|Any CPU.ActiveCfg = Debug|Any CPU
		{79F8167D-0792-4FCB-A34E-23E5DC994AC9}.Debug|Any CPU.Build.0 = Debug|Any CPU
		{79F8167D-0792-4FCB-A34E-23E5DC994AC9}.Release|Any CPU.ActiveCfg = Release|Any CPU
		{79F8167D-0792-4FCB-A34E-23E5DC994AC9}.Release|Any CPU.Build.0 = Release|Any CPU
		{CCAB37BD-E573-4629-9720-4CCD9FE09FFC}.Debug|Any CPU.ActiveCfg = Debug|Any CPU
		{CCAB37BD-E573-4629-9720-4CCD9FE09FFC}.Debug|Any CPU.Build.0 = Debug|Any CPU
		{CCAB37BD-E573-4629-9720-4CCD9FE09FFC}.Release|Any CPU.ActiveCfg = Release|Any CPU
		{CCAB37BD-E573-4629-9720-4CCD9FE09FFC}.Release|Any CPU.Build.0 = Release|Any CPU
		{4516C4CA-14D7-4075-B43D-7868706F162D}.Debug|Any CPU.ActiveCfg = Debug|Any CPU
		{4516C4CA-14D7-4075-B43D-7868706F162D}.Debug|Any CPU.Build.0 = Debug|Any CPU
		{4516C4CA-14D7-4075-B43D-7868706F162D}.Release|Any CPU.ActiveCfg = Release|Any CPU
		{4516C4CA-14D7-4075-B43D-7868706F162D}.Release|Any CPU.Build.0 = Release|Any CPU
		{9CE16C06-41C3-4741-A2E4-A7DDB8C76297}.Debug|Any CPU.ActiveCfg = Debug|Any CPU
		{9CE16C06-41C3-4741-A2E4-A7DDB8C76297}.Debug|Any CPU.Build.0 = Debug|Any CPU
		{9CE16C06-41C3-4741-A2E4-A7DDB8C76297}.Release|Any CPU.ActiveCfg = Release|Any CPU
		{9CE16C06-41C3-4741-A2E4-A7DDB8C76297}.Release|Any CPU.Build.0 = Release|Any CPU
		{7444F3D8-99BF-4483-AFB2-2A9C740A76B9}.Debug|Any CPU.ActiveCfg = Debug|Any CPU
		{7444F3D8-99BF-4483-AFB2-2A9C740A76B9}.Debug|Any CPU.Build.0 = Debug|Any CPU
		{7444F3D8-99BF-4483-AFB2-2A9C740A76B9}.Release|Any CPU.ActiveCfg = Release|Any CPU
		{7444F3D8-99BF-4483-AFB2-2A9C740A76B9}.Release|Any CPU.Build.0 = Release|Any CPU
		{E0690F9D-1D4A-4B5F-8305-35EE16750837}.Debug|Any CPU.ActiveCfg = Debug|Any CPU
		{E0690F9D-1D4A-4B5F-8305-35EE16750837}.Debug|Any CPU.Build.0 = Debug|Any CPU
		{E0690F9D-1D4A-4B5F-8305-35EE16750837}.Release|Any CPU.ActiveCfg = Release|Any CPU
		{E0690F9D-1D4A-4B5F-8305-35EE16750837}.Release|Any CPU.Build.0 = Release|Any CPU
		{18499363-C1D0-4E64-B479-15125677EB51}.Debug|Any CPU.ActiveCfg = Debug|Any CPU
		{18499363-C1D0-4E64-B479-15125677EB51}.Debug|Any CPU.Build.0 = Debug|Any CPU
		{18499363-C1D0-4E64-B479-15125677EB51}.Release|Any CPU.ActiveCfg = Release|Any CPU
		{18499363-C1D0-4E64-B479-15125677EB51}.Release|Any CPU.Build.0 = Release|Any CPU
	EndGlobalSection
	GlobalSection(SolutionProperties) = preSolution
		HideSolutionNode = FALSE
	EndGlobalSection
	GlobalSection(ExtensibilityGlobals) = postSolution
		SolutionGuid = {6CEB77D0-BAAB-4E41-AB56-29EE4B4882D9}
	EndGlobalSection
EndGlobal
